// !$*UTF8*$!
{
	archiveVersion = 1;
	classes = {
	};
	objectVersion = 55;
	objects = {

/* Begin PBXBuildFile section */
		7691495028A95BF400004F38 /* APICaller.swift in Sources */ = {isa = PBXBuildFile; fileRef = 7691494F28A95BF400004F38 /* APICaller.swift */; };
		7691495228A971CA00004F38 /* Movies.swift in Sources */ = {isa = PBXBuildFile; fileRef = 7691495128A971CA00004F38 /* Movies.swift */; };
		7691495428A97B9900004F38 /* Extensions.swift in Sources */ = {isa = PBXBuildFile; fileRef = 7691495328A97B9900004F38 /* Extensions.swift */; };
		76A3B5CC28A5155C00351F88 /* AppDelegate.swift in Sources */ = {isa = PBXBuildFile; fileRef = 76A3B5CB28A5155C00351F88 /* AppDelegate.swift */; };
		76A3B5CE28A5155C00351F88 /* SceneDelegate.swift in Sources */ = {isa = PBXBuildFile; fileRef = 76A3B5CD28A5155C00351F88 /* SceneDelegate.swift */; };
		76A3B5D028A5155C00351F88 /* MainTabBarViewController.swift in Sources */ = {isa = PBXBuildFile; fileRef = 76A3B5CF28A5155C00351F88 /* MainTabBarViewController.swift */; };
		76A3B5D528A5155E00351F88 /* Assets.xcassets in Resources */ = {isa = PBXBuildFile; fileRef = 76A3B5D428A5155E00351F88 /* Assets.xcassets */; };
		76A3B5D828A5155E00351F88 /* LaunchScreen.storyboard in Resources */ = {isa = PBXBuildFile; fileRef = 76A3B5D628A5155E00351F88 /* LaunchScreen.storyboard */; };
		76A3B5E128A516A100351F88 /* HomeViewController.swift in Sources */ = {isa = PBXBuildFile; fileRef = 76A3B5E028A516A100351F88 /* HomeViewController.swift */; };
		76A3B5E328A516B000351F88 /* ComingViewController.swift in Sources */ = {isa = PBXBuildFile; fileRef = 76A3B5E228A516B000351F88 /* ComingViewController.swift */; };
		76A3B5E528A516BB00351F88 /* SearchViewController.swift in Sources */ = {isa = PBXBuildFile; fileRef = 76A3B5E428A516BB00351F88 /* SearchViewController.swift */; };
		76A3B5E728A516C700351F88 /* DownloadsViewController.swift in Sources */ = {isa = PBXBuildFile; fileRef = 76A3B5E628A516C700351F88 /* DownloadsViewController.swift */; };
		76A3B5EE28A53BF900351F88 /* CollectionViewTableViewCell.swift in Sources */ = {isa = PBXBuildFile; fileRef = 76A3B5ED28A53BF900351F88 /* CollectionViewTableViewCell.swift */; };
		76CF58BA28AA51820012DB3F /* TitleCollectionViewCell.swift in Sources */ = {isa = PBXBuildFile; fileRef = 76CF58B928AA51820012DB3F /* TitleCollectionViewCell.swift */; };
		76CF58BD28AA53220012DB3F /* SDWebImage in Frameworks */ = {isa = PBXBuildFile; productRef = 76CF58BC28AA53220012DB3F /* SDWebImage */; };
		76CF58BF28AA53220012DB3F /* SDWebImageMapKit in Frameworks */ = {isa = PBXBuildFile; productRef = 76CF58BE28AA53220012DB3F /* SDWebImageMapKit */; };
		76D2F18128A6675D00091025 /* HeaderTableUIView.swift in Sources */ = {isa = PBXBuildFile; fileRef = 76D2F18028A6675D00091025 /* HeaderTableUIView.swift */; };
/* End PBXBuildFile section */

/* Begin PBXFileReference section */
		7691494F28A95BF400004F38 /* APICaller.swift */ = {isa = PBXFileReference; lastKnownFileType = sourcecode.swift; path = APICaller.swift; sourceTree = "<group>"; };
		7691495128A971CA00004F38 /* Movies.swift */ = {isa = PBXFileReference; lastKnownFileType = sourcecode.swift; path = Movies.swift; sourceTree = "<group>"; };
		7691495328A97B9900004F38 /* Extensions.swift */ = {isa = PBXFileReference; lastKnownFileType = sourcecode.swift; path = Extensions.swift; sourceTree = "<group>"; };
		76A3B5C828A5155C00351F88 /* Netflix.app */ = {isa = PBXFileReference; explicitFileType = wrapper.application; includeInIndex = 0; path = Netflix.app; sourceTree = BUILT_PRODUCTS_DIR; };
		76A3B5CB28A5155C00351F88 /* AppDelegate.swift */ = {isa = PBXFileReference; lastKnownFileType = sourcecode.swift; path = AppDelegate.swift; sourceTree = "<group>"; };
		76A3B5CD28A5155C00351F88 /* SceneDelegate.swift */ = {isa = PBXFileReference; lastKnownFileType = sourcecode.swift; path = SceneDelegate.swift; sourceTree = "<group>"; };
		76A3B5CF28A5155C00351F88 /* MainTabBarViewController.swift */ = {isa = PBXFileReference; lastKnownFileType = sourcecode.swift; path = MainTabBarViewController.swift; sourceTree = "<group>"; };
		76A3B5D428A5155E00351F88 /* Assets.xcassets */ = {isa = PBXFileReference; lastKnownFileType = folder.assetcatalog; path = Assets.xcassets; sourceTree = "<group>"; };
		76A3B5D728A5155E00351F88 /* Base */ = {isa = PBXFileReference; lastKnownFileType = file.storyboard; name = Base; path = Base.lproj/LaunchScreen.storyboard; sourceTree = "<group>"; };
		76A3B5D928A5155E00351F88 /* Info.plist */ = {isa = PBXFileReference; lastKnownFileType = text.plist.xml; path = Info.plist; sourceTree = "<group>"; };
		76A3B5E028A516A100351F88 /* HomeViewController.swift */ = {isa = PBXFileReference; lastKnownFileType = sourcecode.swift; path = HomeViewController.swift; sourceTree = "<group>"; };
		76A3B5E228A516B000351F88 /* ComingViewController.swift */ = {isa = PBXFileReference; lastKnownFileType = sourcecode.swift; path = ComingViewController.swift; sourceTree = "<group>"; };
		76A3B5E428A516BB00351F88 /* SearchViewController.swift */ = {isa = PBXFileReference; lastKnownFileType = sourcecode.swift; path = SearchViewController.swift; sourceTree = "<group>"; };
		76A3B5E628A516C700351F88 /* DownloadsViewController.swift */ = {isa = PBXFileReference; lastKnownFileType = sourcecode.swift; path = DownloadsViewController.swift; sourceTree = "<group>"; };
		76A3B5ED28A53BF900351F88 /* CollectionViewTableViewCell.swift */ = {isa = PBXFileReference; lastKnownFileType = sourcecode.swift; path = CollectionViewTableViewCell.swift; sourceTree = "<group>"; };
		76CF58B928AA51820012DB3F /* TitleCollectionViewCell.swift */ = {isa = PBXFileReference; lastKnownFileType = sourcecode.swift; path = TitleCollectionViewCell.swift; sourceTree = "<group>"; };
		76D2F18028A6675D00091025 /* HeaderTableUIView.swift */ = {isa = PBXFileReference; lastKnownFileType = sourcecode.swift; path = HeaderTableUIView.swift; sourceTree = "<group>"; };
/* End PBXFileReference section */

/* Begin PBXFrameworksBuildPhase section */
		76A3B5C528A5155C00351F88 /* Frameworks */ = {
			isa = PBXFrameworksBuildPhase;
			buildActionMask = 2147483647;
			files = (
				76CF58BF28AA53220012DB3F /* SDWebImageMapKit in Frameworks */,
				76CF58BD28AA53220012DB3F /* SDWebImage in Frameworks */,
			);
			runOnlyForDeploymentPostprocessing = 0;
		};
/* End PBXFrameworksBuildPhase section */

/* Begin PBXGroup section */
		76A3B5BF28A5155C00351F88 = {
			isa = PBXGroup;
			children = (
				76A3B5CA28A5155C00351F88 /* Netflix */,
				76A3B5C928A5155C00351F88 /* Products */,
			);
			sourceTree = "<group>";
		};
		76A3B5C928A5155C00351F88 /* Products */ = {
			isa = PBXGroup;
			children = (
				76A3B5C828A5155C00351F88 /* Netflix.app */,
			);
			name = Products;
			sourceTree = "<group>";
		};
		76A3B5CA28A5155C00351F88 /* Netflix */ = {
			isa = PBXGroup;
			children = (
				76A3B5EC28A53BDA00351F88 /* Managers */,
				76A3B5EB28A53BD200351F88 /* Resources */,
				76A3B5EA28A53B8800351F88 /* Models */,
				76A3B5E828A53B7600351F88 /* Views */,
				76A3B5E928A53B7E00351F88 /* ViewModels */,
				76A3B5DF28A5168F00351F88 /* Controllers */,
				76A3B5CB28A5155C00351F88 /* AppDelegate.swift */,
				76A3B5CD28A5155C00351F88 /* SceneDelegate.swift */,
				76A3B5CF28A5155C00351F88 /* MainTabBarViewController.swift */,
				76A3B5D428A5155E00351F88 /* Assets.xcassets */,
				76A3B5D628A5155E00351F88 /* LaunchScreen.storyboard */,
				76A3B5D928A5155E00351F88 /* Info.plist */,
			);
			path = Netflix;
			sourceTree = "<group>";
		};
		76A3B5DF28A5168F00351F88 /* Controllers */ = {
			isa = PBXGroup;
			children = (
				76A3B5E028A516A100351F88 /* HomeViewController.swift */,
				76A3B5E228A516B000351F88 /* ComingViewController.swift */,
				76A3B5E428A516BB00351F88 /* SearchViewController.swift */,
				76A3B5E628A516C700351F88 /* DownloadsViewController.swift */,
			);
			path = Controllers;
			sourceTree = "<group>";
		};
		76A3B5E828A53B7600351F88 /* Views */ = {
			isa = PBXGroup;
			children = (
				76A3B5ED28A53BF900351F88 /* CollectionViewTableViewCell.swift */,
				76D2F18028A6675D00091025 /* HeaderTableUIView.swift */,
				76CF58B928AA51820012DB3F /* TitleCollectionViewCell.swift */,
			);
			path = Views;
			sourceTree = "<group>";
		};
		76A3B5E928A53B7E00351F88 /* ViewModels */ = {
			isa = PBXGroup;
			children = (
			);
			path = ViewModels;
			sourceTree = "<group>";
		};
		76A3B5EA28A53B8800351F88 /* Models */ = {
			isa = PBXGroup;
			children = (
				7691495128A971CA00004F38 /* Movies.swift */,
			);
			path = Models;
			sourceTree = "<group>";
		};
		76A3B5EB28A53BD200351F88 /* Resources */ = {
			isa = PBXGroup;
			children = (
				7691495328A97B9900004F38 /* Extensions.swift */,
			);
			path = Resources;
			sourceTree = "<group>";
		};
		76A3B5EC28A53BDA00351F88 /* Managers */ = {
			isa = PBXGroup;
			children = (
				7691494F28A95BF400004F38 /* APICaller.swift */,
			);
			path = Managers;
			sourceTree = "<group>";
		};
/* End PBXGroup section */

/* Begin PBXNativeTarget section */
		76A3B5C728A5155C00351F88 /* Netflix */ = {
			isa = PBXNativeTarget;
			buildConfigurationList = 76A3B5DC28A5155E00351F88 /* Build configuration list for PBXNativeTarget "Netflix" */;
			buildPhases = (
				76A3B5C428A5155C00351F88 /* Sources */,
				76A3B5C528A5155C00351F88 /* Frameworks */,
				76A3B5C628A5155C00351F88 /* Resources */,
			);
			buildRules = (
			);
			dependencies = (
			);
			name = Netflix;
			packageProductDependencies = (
				76CF58BC28AA53220012DB3F /* SDWebImage */,
				76CF58BE28AA53220012DB3F /* SDWebImageMapKit */,
			);
			productName = Netflix;
			productReference = 76A3B5C828A5155C00351F88 /* Netflix.app */;
			productType = "com.apple.product-type.application";
		};
/* End PBXNativeTarget section */

/* Begin PBXProject section */
		76A3B5C028A5155C00351F88 /* Project object */ = {
			isa = PBXProject;
			attributes = {
				BuildIndependentTargetsInParallel = 1;
				LastSwiftUpdateCheck = 1340;
				LastUpgradeCheck = 1340;
				TargetAttributes = {
					76A3B5C728A5155C00351F88 = {
						CreatedOnToolsVersion = 13.4.1;
					};
				};
			};
			buildConfigurationList = 76A3B5C328A5155C00351F88 /* Build configuration list for PBXProject "Netflix" */;
			compatibilityVersion = "Xcode 13.0";
			developmentRegion = en;
			hasScannedForEncodings = 0;
			knownRegions = (
				en,
				Base,
			);
			mainGroup = 76A3B5BF28A5155C00351F88;
			packageReferences = (
				76CF58BB28AA53220012DB3F /* XCRemoteSwiftPackageReference "SDWebImage" */,
			);
			productRefGroup = 76A3B5C928A5155C00351F88 /* Products */;
			projectDirPath = "";
			projectRoot = "";
			targets = (
				76A3B5C728A5155C00351F88 /* Netflix */,
			);
		};
/* End PBXProject section */

/* Begin PBXResourcesBuildPhase section */
		76A3B5C628A5155C00351F88 /* Resources */ = {
			isa = PBXResourcesBuildPhase;
			buildActionMask = 2147483647;
			files = (
				76A3B5D828A5155E00351F88 /* LaunchScreen.storyboard in Resources */,
				76A3B5D528A5155E00351F88 /* Assets.xcassets in Resources */,
			);
			runOnlyForDeploymentPostprocessing = 0;
		};
/* End PBXResourcesBuildPhase section */

/* Begin PBXSourcesBuildPhase section */
		76A3B5C428A5155C00351F88 /* Sources */ = {
			isa = PBXSourcesBuildPhase;
			buildActionMask = 2147483647;
			files = (
				76A3B5E528A516BB00351F88 /* SearchViewController.swift in Sources */,
				76CF58BA28AA51820012DB3F /* TitleCollectionViewCell.swift in Sources */,
				7691495228A971CA00004F38 /* Movies.swift in Sources */,
				76A3B5E328A516B000351F88 /* ComingViewController.swift in Sources */,
				76A3B5E728A516C700351F88 /* DownloadsViewController.swift in Sources */,
				7691495028A95BF400004F38 /* APICaller.swift in Sources */,
				76A3B5D028A5155C00351F88 /* MainTabBarViewController.swift in Sources */,
				76A3B5CC28A5155C00351F88 /* AppDelegate.swift in Sources */,
				7691495428A97B9900004F38 /* Extensions.swift in Sources */,
				76D2F18128A6675D00091025 /* HeaderTableUIView.swift in Sources */,
				76A3B5CE28A5155C00351F88 /* SceneDelegate.swift in Sources */,
				76A3B5EE28A53BF900351F88 /* CollectionViewTableViewCell.swift in Sources */,
				76A3B5E128A516A100351F88 /* HomeViewController.swift in Sources */,
			);
			runOnlyForDeploymentPostprocessing = 0;
		};
/* End PBXSourcesBuildPhase section */

/* Begin PBXVariantGroup section */
		76A3B5D628A5155E00351F88 /* LaunchScreen.storyboard */ = {
			isa = PBXVariantGroup;
			children = (
				76A3B5D728A5155E00351F88 /* Base */,
			);
			name = LaunchScreen.storyboard;
			sourceTree = "<group>";
		};
/* End PBXVariantGroup section */

/* Begin XCBuildConfiguration section */
		76A3B5DA28A5155E00351F88 /* Debug */ = {
			isa = XCBuildConfiguration;
			buildSettings = {
				ALWAYS_SEARCH_USER_PATHS = NO;
				CLANG_ANALYZER_NONNULL = YES;
				CLANG_ANALYZER_NUMBER_OBJECT_CONVERSION = YES_AGGRESSIVE;
				CLANG_CXX_LANGUAGE_STANDARD = "gnu++17";
				CLANG_ENABLE_MODULES = YES;
				CLANG_ENABLE_OBJC_ARC = YES;
				CLANG_ENABLE_OBJC_WEAK = YES;
				CLANG_WARN_BLOCK_CAPTURE_AUTORELEASING = YES;
				CLANG_WARN_BOOL_CONVERSION = YES;
				CLANG_WARN_COMMA = YES;
				CLANG_WARN_CONSTANT_CONVERSION = YES;
				CLANG_WARN_DEPRECATED_OBJC_IMPLEMENTATIONS = YES;
				CLANG_WARN_DIRECT_OBJC_ISA_USAGE = YES_ERROR;
				CLANG_WARN_DOCUMENTATION_COMMENTS = YES;
				CLANG_WARN_EMPTY_BODY = YES;
				CLANG_WARN_ENUM_CONVERSION = YES;
				CLANG_WARN_INFINITE_RECURSION = YES;
				CLANG_WARN_INT_CONVERSION = YES;
				CLANG_WARN_NON_LITERAL_NULL_CONVERSION = YES;
				CLANG_WARN_OBJC_IMPLICIT_RETAIN_SELF = YES;
				CLANG_WARN_OBJC_LITERAL_CONVERSION = YES;
				CLANG_WARN_OBJC_ROOT_CLASS = YES_ERROR;
				CLANG_WARN_QUOTED_INCLUDE_IN_FRAMEWORK_HEADER = YES;
				CLANG_WARN_RANGE_LOOP_ANALYSIS = YES;
				CLANG_WARN_STRICT_PROTOTYPES = YES;
				CLANG_WARN_SUSPICIOUS_MOVE = YES;
				CLANG_WARN_UNGUARDED_AVAILABILITY = YES_AGGRESSIVE;
				CLANG_WARN_UNREACHABLE_CODE = YES;
				CLANG_WARN__DUPLICATE_METHOD_MATCH = YES;
				COPY_PHASE_STRIP = NO;
				DEBUG_INFORMATION_FORMAT = dwarf;
				ENABLE_STRICT_OBJC_MSGSEND = YES;
				ENABLE_TESTABILITY = YES;
				GCC_C_LANGUAGE_STANDARD = gnu11;
				GCC_DYNAMIC_NO_PIC = NO;
				GCC_NO_COMMON_BLOCKS = YES;
				GCC_OPTIMIZATION_LEVEL = 0;
				GCC_PREPROCESSOR_DEFINITIONS = (
					"DEBUG=1",
					"$(inherited)",
				);
				GCC_WARN_64_TO_32_BIT_CONVERSION = YES;
				GCC_WARN_ABOUT_RETURN_TYPE = YES_ERROR;
				GCC_WARN_UNDECLARED_SELECTOR = YES;
				GCC_WARN_UNINITIALIZED_AUTOS = YES_AGGRESSIVE;
				GCC_WARN_UNUSED_FUNCTION = YES;
				GCC_WARN_UNUSED_VARIABLE = YES;
				IPHONEOS_DEPLOYMENT_TARGET = 15.5;
				MTL_ENABLE_DEBUG_INFO = INCLUDE_SOURCE;
				MTL_FAST_MATH = YES;
				ONLY_ACTIVE_ARCH = YES;
				SDKROOT = iphoneos;
				SWIFT_ACTIVE_COMPILATION_CONDITIONS = DEBUG;
				SWIFT_OPTIMIZATION_LEVEL = "-Onone";
			};
			name = Debug;
		};
		76A3B5DB28A5155E00351F88 /* Release */ = {
			isa = XCBuildConfiguration;
			buildSettings = {
				ALWAYS_SEARCH_USER_PATHS = NO;
				CLANG_ANALYZER_NONNULL = YES;
				CLANG_ANALYZER_NUMBER_OBJECT_CONVERSION = YES_AGGRESSIVE;
				CLANG_CXX_LANGUAGE_STANDARD = "gnu++17";
				CLANG_ENABLE_MODULES = YES;
				CLANG_ENABLE_OBJC_ARC = YES;
				CLANG_ENABLE_OBJC_WEAK = YES;
				CLANG_WARN_BLOCK_CAPTURE_AUTORELEASING = YES;
				CLANG_WARN_BOOL_CONVERSION = YES;
				CLANG_WARN_COMMA = YES;
				CLANG_WARN_CONSTANT_CONVERSION = YES;
				CLANG_WARN_DEPRECATED_OBJC_IMPLEMENTATIONS = YES;
				CLANG_WARN_DIRECT_OBJC_ISA_USAGE = YES_ERROR;
				CLANG_WARN_DOCUMENTATION_COMMENTS = YES;
				CLANG_WARN_EMPTY_BODY = YES;
				CLANG_WARN_ENUM_CONVERSION = YES;
				CLANG_WARN_INFINITE_RECURSION = YES;
				CLANG_WARN_INT_CONVERSION = YES;
				CLANG_WARN_NON_LITERAL_NULL_CONVERSION = YES;
				CLANG_WARN_OBJC_IMPLICIT_RETAIN_SELF = YES;
				CLANG_WARN_OBJC_LITERAL_CONVERSION = YES;
				CLANG_WARN_OBJC_ROOT_CLASS = YES_ERROR;
				CLANG_WARN_QUOTED_INCLUDE_IN_FRAMEWORK_HEADER = YES;
				CLANG_WARN_RANGE_LOOP_ANALYSIS = YES;
				CLANG_WARN_STRICT_PROTOTYPES = YES;
				CLANG_WARN_SUSPICIOUS_MOVE = YES;
				CLANG_WARN_UNGUARDED_AVAILABILITY = YES_AGGRESSIVE;
				CLANG_WARN_UNREACHABLE_CODE = YES;
				CLANG_WARN__DUPLICATE_METHOD_MATCH = YES;
				COPY_PHASE_STRIP = NO;
				DEBUG_INFORMATION_FORMAT = "dwarf-with-dsym";
				ENABLE_NS_ASSERTIONS = NO;
				ENABLE_STRICT_OBJC_MSGSEND = YES;
				GCC_C_LANGUAGE_STANDARD = gnu11;
				GCC_NO_COMMON_BLOCKS = YES;
				GCC_WARN_64_TO_32_BIT_CONVERSION = YES;
				GCC_WARN_ABOUT_RETURN_TYPE = YES_ERROR;
				GCC_WARN_UNDECLARED_SELECTOR = YES;
				GCC_WARN_UNINITIALIZED_AUTOS = YES_AGGRESSIVE;
				GCC_WARN_UNUSED_FUNCTION = YES;
				GCC_WARN_UNUSED_VARIABLE = YES;
				IPHONEOS_DEPLOYMENT_TARGET = 15.5;
				MTL_ENABLE_DEBUG_INFO = NO;
				MTL_FAST_MATH = YES;
				SDKROOT = iphoneos;
				SWIFT_COMPILATION_MODE = wholemodule;
				SWIFT_OPTIMIZATION_LEVEL = "-O";
				VALIDATE_PRODUCT = YES;
			};
			name = Release;
		};
		76A3B5DD28A5155E00351F88 /* Debug */ = {
			isa = XCBuildConfiguration;
			buildSettings = {
				ASSETCATALOG_COMPILER_APPICON_NAME = AppIcon;
				ASSETCATALOG_COMPILER_GLOBAL_ACCENT_COLOR_NAME = AccentColor;
				CODE_SIGN_STYLE = Automatic;
				CURRENT_PROJECT_VERSION = 1;
				DEVELOPMENT_TEAM = APVF6KCYQN;
				GENERATE_INFOPLIST_FILE = YES;
				INFOPLIST_FILE = Netflix/Info.plist;
				INFOPLIST_KEY_UIApplicationSupportsIndirectInputEvents = YES;
				INFOPLIST_KEY_UILaunchStoryboardName = LaunchScreen;
				INFOPLIST_KEY_UISupportedInterfaceOrientations_iPad = "UIInterfaceOrientationPortrait UIInterfaceOrientationPortraitUpsideDown UIInterfaceOrientationLandscapeLeft UIInterfaceOrientationLandscapeRight";
				INFOPLIST_KEY_UISupportedInterfaceOrientations_iPhone = "UIInterfaceOrientationPortrait UIInterfaceOrientationLandscapeLeft UIInterfaceOrientationLandscapeRight";
				LD_RUNPATH_SEARCH_PATHS = (
					"$(inherited)",
					"@executable_path/Frameworks",
				);
				MARKETING_VERSION = 1.0;
				PRODUCT_BUNDLE_IDENTIFIER = com.umutcn.Netflix;
				PRODUCT_NAME = "$(TARGET_NAME)";
				SWIFT_EMIT_LOC_STRINGS = YES;
				SWIFT_VERSION = 5.0;
				TARGETED_DEVICE_FAMILY = "1,2";
			};
			name = Debug;
		};
		76A3B5DE28A5155E00351F88 /* Release */ = {
			isa = XCBuildConfiguration;
			buildSettings = {
				ASSETCATALOG_COMPILER_APPICON_NAME = AppIcon;
				ASSETCATALOG_COMPILER_GLOBAL_ACCENT_COLOR_NAME = AccentColor;
				CODE_SIGN_STYLE = Automatic;
				CURRENT_PROJECT_VERSION = 1;
				DEVELOPMENT_TEAM = APVF6KCYQN;
				GENERATE_INFOPLIST_FILE = YES;
				INFOPLIST_FILE = Netflix/Info.plist;
				INFOPLIST_KEY_UIApplicationSupportsIndirectInputEvents = YES;
				INFOPLIST_KEY_UILaunchStoryboardName = LaunchScreen;
				INFOPLIST_KEY_UISupportedInterfaceOrientations_iPad = "UIInterfaceOrientationPortrait UIInterfaceOrientationPortraitUpsideDown UIInterfaceOrientationLandscapeLeft UIInterfaceOrientationLandscapeRight";
				INFOPLIST_KEY_UISupportedInterfaceOrientations_iPhone = "UIInterfaceOrientationPortrait UIInterfaceOrientationLandscapeLeft UIInterfaceOrientationLandscapeRight";
				LD_RUNPATH_SEARCH_PATHS = (
					"$(inherited)",
					"@executable_path/Frameworks",
				);
				MARKETING_VERSION = 1.0;
				PRODUCT_BUNDLE_IDENTIFIER = com.umutcn.Netflix;
				PRODUCT_NAME = "$(TARGET_NAME)";
				SWIFT_EMIT_LOC_STRINGS = YES;
				SWIFT_VERSION = 5.0;
				TARGETED_DEVICE_FAMILY = "1,2";
			};
			name = Release;
		};
/* End XCBuildConfiguration section */

/* Begin XCConfigurationList section */
		76A3B5C328A5155C00351F88 /* Build configuration list for PBXProject "Netflix" */ = {
			isa = XCConfigurationList;
			buildConfigurations = (
				76A3B5DA28A5155E00351F88 /* Debug */,
				76A3B5DB28A5155E00351F88 /* Release */,
			);
			defaultConfigurationIsVisible = 0;
			defaultConfigurationName = Release;
		};
		76A3B5DC28A5155E00351F88 /* Build configuration list for PBXNativeTarget "Netflix" */ = {
			isa = XCConfigurationList;
			buildConfigurations = (
				76A3B5DD28A5155E00351F88 /* Debug */,
				76A3B5DE28A5155E00351F88 /* Release */,
			);
			defaultConfigurationIsVisible = 0;
			defaultConfigurationName = Release;
		};
/* End XCConfigurationList section */

/* Begin XCRemoteSwiftPackageReference section */
		76CF58BB28AA53220012DB3F /* XCRemoteSwiftPackageReference "SDWebImage" */ = {
			isa = XCRemoteSwiftPackageReference;
			repositoryURL = "https://github.com/SDWebImage/SDWebImage.git";
			requirement = {
				branch = master;
				kind = branch;
			};
		};
/* End XCRemoteSwiftPackageReference section */

/* Begin XCSwiftPackageProductDependency section */
		76CF58BC28AA53220012DB3F /* SDWebImage */ = {
			isa = XCSwiftPackageProductDependency;
			package = 76CF58BB28AA53220012DB3F /* XCRemoteSwiftPackageReference "SDWebImage" */;
			productName = SDWebImage;
		};
		76CF58BE28AA53220012DB3F /* SDWebImageMapKit */ = {
			isa = XCSwiftPackageProductDependency;
			package = 76CF58BB28AA53220012DB3F /* XCRemoteSwiftPackageReference "SDWebImage" */;
			productName = SDWebImageMapKit;
		};
/* End XCSwiftPackageProductDependency section */
	};
	rootObject = 76A3B5C028A5155C00351F88 /* Project object */;
}
